// !$*UTF8*$!
{
	archiveVersion = 1;
	classes = {
	};
	objectVersion = 48;
	objects = {

/* Begin PBXBuildFile section */
		67AE01ACD8382EAA34F8FFA6 /* libPods-dec5objc.a in Frameworks */ = {isa = PBXBuildFile; fileRef = 65D9650F5F1DEE9F3C58E67C /* libPods-dec5objc.a */; };
		7C9BCF751FD79751005E7837 /* AppDelegate.m in Sources */ = {isa = PBXBuildFile; fileRef = 7C9BCF741FD79751005E7837 /* AppDelegate.m */; };
		7C9BCF781FD79751005E7837 /* ViewController.m in Sources */ = {isa = PBXBuildFile; fileRef = 7C9BCF771FD79751005E7837 /* ViewController.m */; };
		7C9BCF7B1FD79751005E7837 /* Main.storyboard in Resources */ = {isa = PBXBuildFile; fileRef = 7C9BCF791FD79751005E7837 /* Main.storyboard */; };
		7C9BCF7D1FD79751005E7837 /* Assets.xcassets in Resources */ = {isa = PBXBuildFile; fileRef = 7C9BCF7C1FD79751005E7837 /* Assets.xcassets */; };
		7C9BCF801FD79751005E7837 /* LaunchScreen.storyboard in Resources */ = {isa = PBXBuildFile; fileRef = 7C9BCF7E1FD79751005E7837 /* LaunchScreen.storyboard */; };
		7C9BCF831FD79751005E7837 /* main.m in Sources */ = {isa = PBXBuildFile; fileRef = 7C9BCF821FD79751005E7837 /* main.m */; };
		7CF18C451FD7983D00FBEDE5 /* dummy.mm in Sources */ = {isa = PBXBuildFile; fileRef = 7CF18C441FD7983D00FBEDE5 /* dummy.mm */; };
		7CF18C471FD79A1700FBEDE5 /* Assets in Resources */ = {isa = PBXBuildFile; fileRef = 7CF18C461FD79A1700FBEDE5 /* Assets */; };
/* End PBXBuildFile section */

/* Begin PBXFileReference section */
		6259E8CC3256AC4C5E3AD63D /* Pods-dec5objc.debug.xcconfig */ = {isa = PBXFileReference; includeInIndex = 1; lastKnownFileType = text.xcconfig; name = "Pods-dec5objc.debug.xcconfig"; path = "Pods/Target Support Files/Pods-dec5objc/Pods-dec5objc.debug.xcconfig"; sourceTree = "<group>"; };
		65D9650F5F1DEE9F3C58E67C /* libPods-dec5objc.a */ = {isa = PBXFileReference; explicitFileType = archive.ar; includeInIndex = 0; path = "libPods-dec5objc.a"; sourceTree = BUILT_PRODUCTS_DIR; };
		7C9BCF701FD79751005E7837 /* dec5objc.app */ = {isa = PBXFileReference; explicitFileType = wrapper.application; includeInIndex = 0; path = dec5objc.app; sourceTree = BUILT_PRODUCTS_DIR; };
		7C9BCF731FD79751005E7837 /* AppDelegate.h */ = {isa = PBXFileReference; lastKnownFileType = sourcecode.c.h; path = AppDelegate.h; sourceTree = "<group>"; };
		7C9BCF741FD79751005E7837 /* AppDelegate.m */ = {isa = PBXFileReference; lastKnownFileType = sourcecode.c.objc; path = AppDelegate.m; sourceTree = "<group>"; };
		7C9BCF761FD79751005E7837 /* ViewController.h */ = {isa = PBXFileReference; lastKnownFileType = sourcecode.c.h; path = ViewController.h; sourceTree = "<group>"; };
		7C9BCF771FD79751005E7837 /* ViewController.m */ = {isa = PBXFileReference; lastKnownFileType = sourcecode.c.objc; path = ViewController.m; sourceTree = "<group>"; };
		7C9BCF7A1FD79751005E7837 /* Base */ = {isa = PBXFileReference; lastKnownFileType = file.storyboard; name = Base; path = Base.lproj/Main.storyboard; sourceTree = "<group>"; };
		7C9BCF7C1FD79751005E7837 /* Assets.xcassets */ = {isa = PBXFileReference; lastKnownFileType = folder.assetcatalog; path = Assets.xcassets; sourceTree = "<group>"; };
		7C9BCF7F1FD79751005E7837 /* Base */ = {isa = PBXFileReference; lastKnownFileType = file.storyboard; name = Base; path = Base.lproj/LaunchScreen.storyboard; sourceTree = "<group>"; };
		7C9BCF811FD79751005E7837 /* Info.plist */ = {isa = PBXFileReference; lastKnownFileType = text.plist.xml; path = Info.plist; sourceTree = "<group>"; };
		7C9BCF821FD79751005E7837 /* main.m */ = {isa = PBXFileReference; lastKnownFileType = sourcecode.c.objc; path = main.m; sourceTree = "<group>"; };
		7CF18C441FD7983D00FBEDE5 /* dummy.mm */ = {isa = PBXFileReference; lastKnownFileType = sourcecode.cpp.objcpp; path = dummy.mm; sourceTree = "<group>"; };
		7CF18C461FD79A1700FBEDE5 /* Assets */ = {isa = PBXFileReference; lastKnownFileType = folder; name = Assets; path = "../OBJ-C/Assets"; sourceTree = "<group>"; };
		CE2A652E7A66E495E4BF6C12 /* Pods-dec5objc.release.xcconfig */ = {isa = PBXFileReference; includeInIndex = 1; lastKnownFileType = text.xcconfig; name = "Pods-dec5objc.release.xcconfig"; path = "Pods/Target Support Files/Pods-dec5objc/Pods-dec5objc.release.xcconfig"; sourceTree = "<group>"; };
/* End PBXFileReference section */

/* Begin PBXFrameworksBuildPhase section */
		7C9BCF6D1FD79751005E7837 /* Frameworks */ = {
			isa = PBXFrameworksBuildPhase;
			buildActionMask = 2147483647;
			files = (
				67AE01ACD8382EAA34F8FFA6 /* libPods-dec5objc.a in Frameworks */,
			);
			runOnlyForDeploymentPostprocessing = 0;
		};
/* End PBXFrameworksBuildPhase section */

/* Begin PBXGroup section */
		4F73274EF36B10606CC9D5DF /* Frameworks */ = {
			isa = PBXGroup;
			children = (
				65D9650F5F1DEE9F3C58E67C /* libPods-dec5objc.a */,
			);
			name = Frameworks;
			sourceTree = "<group>";
		};
		7C9BCF671FD79751005E7837 = {
			isa = PBXGroup;
			children = (
				7CF18C461FD79A1700FBEDE5 /* Assets */,
				7C9BCF721FD79751005E7837 /* dec5objc */,
				7C9BCF711FD79751005E7837 /* Products */,
				C237B78B4B07E9ECADDA36AE /* Pods */,
				4F73274EF36B10606CC9D5DF /* Frameworks */,
			);
			sourceTree = "<group>";
		};
		7C9BCF711FD79751005E7837 /* Products */ = {
			isa = PBXGroup;
			children = (
				7C9BCF701FD79751005E7837 /* dec5objc.app */,
			);
			name = Products;
			sourceTree = "<group>";
		};
		7C9BCF721FD79751005E7837 /* dec5objc */ = {
			isa = PBXGroup;
			children = (
				7C9BCF731FD79751005E7837 /* AppDelegate.h */,
				7C9BCF741FD79751005E7837 /* AppDelegate.m */,
				7C9BCF761FD79751005E7837 /* ViewController.h */,
				7C9BCF771FD79751005E7837 /* ViewController.m */,
				7C9BCF791FD79751005E7837 /* Main.storyboard */,
				7C9BCF7C1FD79751005E7837 /* Assets.xcassets */,
				7C9BCF7E1FD79751005E7837 /* LaunchScreen.storyboard */,
				7C9BCF811FD79751005E7837 /* Info.plist */,
				7C9BCF821FD79751005E7837 /* main.m */,
				7CF18C441FD7983D00FBEDE5 /* dummy.mm */,
			);
			path = dec5objc;
			sourceTree = "<group>";
		};
		C237B78B4B07E9ECADDA36AE /* Pods */ = {
			isa = PBXGroup;
			children = (
				6259E8CC3256AC4C5E3AD63D /* Pods-dec5objc.debug.xcconfig */,
				CE2A652E7A66E495E4BF6C12 /* Pods-dec5objc.release.xcconfig */,
			);
			name = Pods;
			sourceTree = "<group>";
		};
/* End PBXGroup section */

/* Begin PBXNativeTarget section */
		7C9BCF6F1FD79751005E7837 /* dec5objc */ = {
			isa = PBXNativeTarget;
			buildConfigurationList = 7C9BCF861FD79751005E7837 /* Build configuration list for PBXNativeTarget "dec5objc" */;
			buildPhases = (
				09FBD591B1A08AE7AEE6B59D /* [CP] Check Pods Manifest.lock */,
				7C9BCF6C1FD79751005E7837 /* Sources */,
				7C9BCF6D1FD79751005E7837 /* Frameworks */,
				7C9BCF6E1FD79751005E7837 /* Resources */,
				BE50DF102A9F26BA92040278 /* [CP] Embed Pods Frameworks */,
				DDCC84861660F09B66640E54 /* [CP] Copy Pods Resources */,
			);
			buildRules = (
			);
			dependencies = (
			);
			name = dec5objc;
			productName = dec5objc;
			productReference = 7C9BCF701FD79751005E7837 /* dec5objc.app */;
			productType = "com.apple.product-type.application";
		};
/* End PBXNativeTarget section */

/* Begin PBXProject section */
		7C9BCF681FD79751005E7837 /* Project object */ = {
			isa = PBXProject;
			attributes = {
				LastUpgradeCheck = 0910;
				ORGANIZATIONNAME = "Eric Tran";
				TargetAttributes = {
					7C9BCF6F1FD79751005E7837 = {
						CreatedOnToolsVersion = 9.1;
						ProvisioningStyle = Automatic;
					};
				};
			};
			buildConfigurationList = 7C9BCF6B1FD79751005E7837 /* Build configuration list for PBXProject "dec5objc" */;
			compatibilityVersion = "Xcode 8.0";
			developmentRegion = en;
			hasScannedForEncodings = 0;
			knownRegions = (
				en,
				Base,
			);
			mainGroup = 7C9BCF671FD79751005E7837;
			productRefGroup = 7C9BCF711FD79751005E7837 /* Products */;
			projectDirPath = "";
			projectRoot = "";
			targets = (
				7C9BCF6F1FD79751005E7837 /* dec5objc */,
			);
		};
/* End PBXProject section */

/* Begin PBXResourcesBuildPhase section */
		7C9BCF6E1FD79751005E7837 /* Resources */ = {
			isa = PBXResourcesBuildPhase;
			buildActionMask = 2147483647;
			files = (
				7C9BCF801FD79751005E7837 /* LaunchScreen.storyboard in Resources */,
				7CF18C471FD79A1700FBEDE5 /* Assets in Resources */,
				7C9BCF7D1FD79751005E7837 /* Assets.xcassets in Resources */,
				7C9BCF7B1FD79751005E7837 /* Main.storyboard in Resources */,
			);
			runOnlyForDeploymentPostprocessing = 0;
		};
/* End PBXResourcesBuildPhase section */

/* Begin PBXShellScriptBuildPhase section */
		09FBD591B1A08AE7AEE6B59D /* [CP] Check Pods Manifest.lock */ = {
			isa = PBXShellScriptBuildPhase;
			buildActionMask = 2147483647;
			files = (
			);
			inputPaths = (
				"${PODS_PODFILE_DIR_PATH}/Podfile.lock",
				"${PODS_ROOT}/Manifest.lock",
			);
			name = "[CP] Check Pods Manifest.lock";
			outputPaths = (
				"$(DERIVED_FILE_DIR)/Pods-dec5objc-checkManifestLockResult.txt",
			);
			runOnlyForDeploymentPostprocessing = 0;
			shellPath = /bin/sh;
			shellScript = "diff \"${PODS_PODFILE_DIR_PATH}/Podfile.lock\" \"${PODS_ROOT}/Manifest.lock\" > /dev/null\nif [ $? != 0 ] ; then\n    # print error to STDERR\n    echo \"error: The sandbox is not in sync with the Podfile.lock. Run 'pod install' or update your CocoaPods installation.\" >&2\n    exit 1\nfi\n# This output is used by Xcode 'outputs' to avoid re-running this script phase.\necho \"SUCCESS\" > \"${SCRIPT_OUTPUT_FILE_0}\"\n";
			showEnvVarsInLog = 0;
		};
		BE50DF102A9F26BA92040278 /* [CP] Embed Pods Frameworks */ = {
			isa = PBXShellScriptBuildPhase;
			buildActionMask = 2147483647;
			files = (
			);
			inputPaths = (
			);
			name = "[CP] Embed Pods Frameworks";
			outputPaths = (
			);
			runOnlyForDeploymentPostprocessing = 0;
			shellPath = /bin/sh;
			shellScript = "\"${SRCROOT}/Pods/Target Support Files/Pods-dec5objc/Pods-dec5objc-frameworks.sh\"\n";
			showEnvVarsInLog = 0;
		};
		DDCC84861660F09B66640E54 /* [CP] Copy Pods Resources */ = {
			isa = PBXShellScriptBuildPhase;
			buildActionMask = 2147483647;
			files = (
			);
			inputPaths = (
			);
			name = "[CP] Copy Pods Resources";
			outputPaths = (
			);
			runOnlyForDeploymentPostprocessing = 0;
			shellPath = /bin/sh;
			shellScript = "\"${SRCROOT}/Pods/Target Support Files/Pods-dec5objc/Pods-dec5objc-resources.sh\"\n";
			showEnvVarsInLog = 0;
		};
/* End PBXShellScriptBuildPhase section */

/* Begin PBXSourcesBuildPhase section */
		7C9BCF6C1FD79751005E7837 /* Sources */ = {
			isa = PBXSourcesBuildPhase;
			buildActionMask = 2147483647;
			files = (
				7C9BCF781FD79751005E7837 /* ViewController.m in Sources */,
				7C9BCF831FD79751005E7837 /* main.m in Sources */,
				7CF18C451FD7983D00FBEDE5 /* dummy.mm in Sources */,
				7C9BCF751FD79751005E7837 /* AppDelegate.m in Sources */,
			);
			runOnlyForDeploymentPostprocessing = 0;
		};
/* End PBXSourcesBuildPhase section */

/* Begin PBXVariantGroup section */
		7C9BCF791FD79751005E7837 /* Main.storyboard */ = {
			isa = PBXVariantGroup;
			children = (
				7C9BCF7A1FD79751005E7837 /* Base */,
			);
			name = Main.storyboard;
			sourceTree = "<group>";
		};
		7C9BCF7E1FD79751005E7837 /* LaunchScreen.storyboard */ = {
			isa = PBXVariantGroup;
			children = (
				7C9BCF7F1FD79751005E7837 /* Base */,
			);
			name = LaunchScreen.storyboard;
			sourceTree = "<group>";
		};
/* End PBXVariantGroup section */

/* Begin XCBuildConfiguration section */
		7C9BCF841FD79751005E7837 /* Debug */ = {
			isa = XCBuildConfiguration;
			buildSettings = {
				ALWAYS_SEARCH_USER_PATHS = NO;
				CLANG_ANALYZER_NONNULL = YES;
				CLANG_ANALYZER_NUMBER_OBJECT_CONVERSION = YES_AGGRESSIVE;
				CLANG_CXX_LANGUAGE_STANDARD = "gnu++14";
				CLANG_CXX_LIBRARY = "libc++";
				CLANG_ENABLE_MODULES = YES;
				CLANG_ENABLE_OBJC_ARC = YES;
				CLANG_WARN_BLOCK_CAPTURE_AUTORELEASING = YES;
				CLANG_WARN_BOOL_CONVERSION = YES;
				CLANG_WARN_COMMA = YES;
				CLANG_WARN_CONSTANT_CONVERSION = YES;
				CLANG_WARN_DIRECT_OBJC_ISA_USAGE = YES_ERROR;
				CLANG_WARN_DOCUMENTATION_COMMENTS = YES;
				CLANG_WARN_EMPTY_BODY = YES;
				CLANG_WARN_ENUM_CONVERSION = YES;
				CLANG_WARN_INFINITE_RECURSION = YES;
				CLANG_WARN_INT_CONVERSION = YES;
				CLANG_WARN_NON_LITERAL_NULL_CONVERSION = YES;
				CLANG_WARN_OBJC_LITERAL_CONVERSION = YES;
				CLANG_WARN_OBJC_ROOT_CLASS = YES_ERROR;
				CLANG_WARN_RANGE_LOOP_ANALYSIS = YES;
				CLANG_WARN_STRICT_PROTOTYPES = YES;
				CLANG_WARN_SUSPICIOUS_MOVE = YES;
				CLANG_WARN_UNGUARDED_AVAILABILITY = YES_AGGRESSIVE;
				CLANG_WARN_UNREACHABLE_CODE = YES;
				CLANG_WARN__DUPLICATE_METHOD_MATCH = YES;
				CODE_SIGN_IDENTITY = "iPhone Developer";
				COPY_PHASE_STRIP = NO;
				DEBUG_INFORMATION_FORMAT = dwarf;
				ENABLE_STRICT_OBJC_MSGSEND = YES;
				ENABLE_TESTABILITY = YES;
				GCC_C_LANGUAGE_STANDARD = gnu11;
				GCC_DYNAMIC_NO_PIC = NO;
				GCC_NO_COMMON_BLOCKS = YES;
				GCC_OPTIMIZATION_LEVEL = 0;
				GCC_PREPROCESSOR_DEFINITIONS = (
					"DEBUG=1",
					"$(inherited)",
				);
				GCC_WARN_64_TO_32_BIT_CONVERSION = YES;
				GCC_WARN_ABOUT_RETURN_TYPE = YES_ERROR;
				GCC_WARN_UNDECLARED_SELECTOR = YES;
				GCC_WARN_UNINITIALIZED_AUTOS = YES_AGGRESSIVE;
				GCC_WARN_UNUSED_FUNCTION = YES;
				GCC_WARN_UNUSED_VARIABLE = YES;
				IPHONEOS_DEPLOYMENT_TARGET = 11.1;
				MTL_ENABLE_DEBUG_INFO = YES;
				ONLY_ACTIVE_ARCH = YES;
				SDKROOT = iphoneos;
			};
			name = Debug;
		};
		7C9BCF851FD79751005E7837 /* Release */ = {
			isa = XCBuildConfiguration;
			buildSettings = {
				ALWAYS_SEARCH_USER_PATHS = NO;
				CLANG_ANALYZER_NONNULL = YES;
				CLANG_ANALYZER_NUMBER_OBJECT_CONVERSION = YES_AGGRESSIVE;
				CLANG_CXX_LANGUAGE_STANDARD = "gnu++14";
				CLANG_CXX_LIBRARY = "libc++";
				CLANG_ENABLE_MODULES = YES;
				CLANG_ENABLE_OBJC_ARC = YES;
				CLANG_WARN_BLOCK_CAPTURE_AUTORELEASING = YES;
				CLANG_WARN_BOOL_CONVERSION = YES;
				CLANG_WARN_COMMA = YES;
				CLANG_WARN_CONSTANT_CONVERSION = YES;
				CLANG_WARN_DIRECT_OBJC_ISA_USAGE = YES_ERROR;
				CLANG_WARN_DOCUMENTATION_COMMENTS = YES;
				CLANG_WARN_EMPTY_BODY = YES;
				CLANG_WARN_ENUM_CONVERSION = YES;
				CLANG_WARN_INFINITE_RECURSION = YES;
				CLANG_WARN_INT_CONVERSION = YES;
				CLANG_WARN_NON_LITERAL_NULL_CONVERSION = YES;
				CLANG_WARN_OBJC_LITERAL_CONVERSION = YES;
				CLANG_WARN_OBJC_ROOT_CLASS = YES_ERROR;
				CLANG_WARN_RANGE_LOOP_ANALYSIS = YES;
				CLANG_WARN_STRICT_PROTOTYPES = YES;
				CLANG_WARN_SUSPICIOUS_MOVE = YES;
				CLANG_WARN_UNGUARDED_AVAILABILITY = YES_AGGRESSIVE;
				CLANG_WARN_UNREACHABLE_CODE = YES;
				CLANG_WARN__DUPLICATE_METHOD_MATCH = YES;
				CODE_SIGN_IDENTITY = "iPhone Developer";
				COPY_PHASE_STRIP = NO;
				DEBUG_INFORMATION_FORMAT = "dwarf-with-dsym";
				ENABLE_NS_ASSERTIONS = NO;
				ENABLE_STRICT_OBJC_MSGSEND = YES;
				GCC_C_LANGUAGE_STANDARD = gnu11;
				GCC_NO_COMMON_BLOCKS = YES;
				GCC_WARN_64_TO_32_BIT_CONVERSION = YES;
				GCC_WARN_ABOUT_RETURN_TYPE = YES_ERROR;
				GCC_WARN_UNDECLARED_SELECTOR = YES;
				GCC_WARN_UNINITIALIZED_AUTOS = YES_AGGRESSIVE;
				GCC_WARN_UNUSED_FUNCTION = YES;
				GCC_WARN_UNUSED_VARIABLE = YES;
				IPHONEOS_DEPLOYMENT_TARGET = 11.1;
				MTL_ENABLE_DEBUG_INFO = NO;
				SDKROOT = iphoneos;
				VALIDATE_PRODUCT = YES;
			};
			name = Release;
		};
		7C9BCF871FD79751005E7837 /* Debug */ = {
			isa = XCBuildConfiguration;
			baseConfigurationReference = 6259E8CC3256AC4C5E3AD63D /* Pods-dec5objc.debug.xcconfig */;
			buildSettings = {
				ASSETCATALOG_COMPILER_APPICON_NAME = AppIcon;
				CODE_SIGN_STYLE = Automatic;
				DEVELOPMENT_TEAM = Q9L38T427F;
				INFOPLIST_FILE = dec5objc/Info.plist;
				LD_RUNPATH_SEARCH_PATHS = "$(inherited) @executable_path/Frameworks";
				PRODUCT_BUNDLE_IDENTIFIER = wiser.dec5objc;
				PRODUCT_NAME = "$(TARGET_NAME)";
				TARGETED_DEVICE_FAMILY = "1,2";
			};
			name = Debug;
		};
		7C9BCF881FD79751005E7837 /* Release */ = {
			isa = XCBuildConfiguration;
			baseConfigurationReference = CE2A652E7A66E495E4BF6C12 /* Pods-dec5objc.release.xcconfig */;
			buildSettings = {
				ASSETCATALOG_COMPILER_APPICON_NAME = AppIcon;
				CODE_SIGN_STYLE = Automatic;
				DEVELOPMENT_TEAM = Q9L38T427F;
				INFOPLIST_FILE = dec5objc/Info.plist;
				LD_RUNPATH_SEARCH_PATHS = "$(inherited) @executable_path/Frameworks";
				PRODUCT_BUNDLE_IDENTIFIER = wiser.dec5objc;
				PRODUCT_NAME = "$(TARGET_NAME)";
				TARGETED_DEVICE_FAMILY = "1,2";
			};
			name = Release;
		};
/* End XCBuildConfiguration section */

/* Begin XCConfigurationList section */
		7C9BCF6B1FD79751005E7837 /* Build configuration list for PBXProject "dec5objc" */ = {
			isa = XCConfigurationList;
			buildConfigurations = (
				7C9BCF841FD79751005E7837 /* Debug */,
				7C9BCF851FD79751005E7837 /* Release */,
			);
			defaultConfigurationIsVisible = 0;
			defaultConfigurationName = Release;
		};
		7C9BCF861FD79751005E7837 /* Build configuration list for PBXNativeTarget "dec5objc" */ = {
			isa = XCConfigurationList;
			buildConfigurations = (
				7C9BCF871FD79751005E7837 /* Debug */,
				7C9BCF881FD79751005E7837 /* Release */,
			);
			defaultConfigurationIsVisible = 0;
			defaultConfigurationName = Release;
		};
/* End XCConfigurationList section */
	};
	rootObject = 7C9BCF681FD79751005E7837 /* Project object */;
}
